
Microsoft Visual Studio Solution File, Format Version 12.00
# Visual Studio Version 17
VisualStudioVersion = 17.13.35913.81 d17.13
MinimumVisualStudioVersion = 10.0.40219.1
Project("{FAE04EC0-301F-11D3-BF4B-00C04F79EFBC}") = "Modelo", "Modelo\Modelo.csproj", "{DAA60769-E189-460D-A57C-33A1579A2D86}"
EndProject
Project("{FAE04EC0-301F-11D3-BF4B-00C04F79EFBC}") = "Logica", "Logica\Logica.csproj", "{57C0E654-9E52-43C0-A877-3325FAE42550}"
EndProject
Project("{FAE04EC0-301F-11D3-BF4B-00C04F79EFBC}") = "Principal", "Principal\Principal.csproj", "{F97CB0E3-8709-4F67-823E-226C30B17A83}"
EndProject
Global
	GlobalSection(SolutionConfigurationPlatforms) = preSolution
		Debug|Any CPU = Debug|Any CPU
		Release|Any CPU = Release|Any CPU
	EndGlobalSection
	GlobalSection(ProjectConfigurationPlatforms) = postSolution
		{DAA60769-E189-460D-A57C-33A1579A2D86}.Debug|Any CPU.ActiveCfg = Debug|Any CPU
		{DAA60769-E189-460D-A57C-33A1579A2D86}.Debug|Any CPU.Build.0 = Debug|Any CPU
		{DAA60769-E189-460D-A57C-33A1579A2D86}.Release|Any CPU.ActiveCfg = Release|Any CPU
		{DAA60769-E189-460D-A57C-33A1579A2D86}.Release|Any CPU.Build.0 = Release|Any CPU
		{57C0E654-9E52-43C0-A877-3325FAE42550}.Debug|Any CPU.ActiveCfg = Debug|Any CPU
		{57C0E654-9E52-43C0-A877-3325FAE42550}.Debug|Any CPU.Build.0 = Debug|Any CPU
		{57C0E654-9E52-43C0-A877-3325FAE42550}.Release|Any CPU.ActiveCfg = Release|Any CPU
		{57C0E654-9E52-43C0-A877-3325FAE42550}.Release|Any CPU.Build.0 = Release|Any CPU
		{F97CB0E3-8709-4F67-823E-226C30B17A83}.Debug|Any CPU.ActiveCfg = Debug|Any CPU
		{F97CB0E3-8709-4F67-823E-226C30B17A83}.Debug|Any CPU.Build.0 = Debug|Any CPU
		{F97CB0E3-8709-4F67-823E-226C30B17A83}.Release|Any CPU.ActiveCfg = Release|Any CPU
		{F97CB0E3-8709-4F67-823E-226C30B17A83}.Release|Any CPU.Build.0 = Release|Any CPU
	EndGlobalSection
	GlobalSection(SolutionProperties) = preSolution
		HideSolutionNode = FALSE
	EndGlobalSection
	GlobalSection(ExtensibilityGlobals) = postSolution
		SolutionGuid = {23984C95-C1AC-4DDF-B305-AE7791109A80}
	EndGlobalSection
EndGlobal
